<Solution>
  <Folder Name="/samples/">
    <Project Path="samples/timewarp-quickbooks-sample-web/timewarp-quickbooks-sample-web.csproj" />
  </Folder>
  <Folder Name="/source/">
    <Project Path="source/timewarp-quickbooks/timewarp-quickbooks.csproj" />
  </Folder>
  <Folder Name="/tests/">
    <Project Path="tests/timewarp-quickbooks-tests/timewarp-quickbooks-tests.csproj" />
  </Folder>
</Solution>
