<Solution>
  <Folder Name="/Samples/">
    <Project Path="Samples/TimeWarp.QuickBooks.Sample.Web/TimeWarp.QuickBooks.Sample.Web.csproj" />
  </Folder>
  <Folder Name="/Source/">
    <Project Path="Source/TimeWarp.QuickBooks/TimeWarp.QuickBooks.csproj" />
  </Folder>
  <Folder Name="/Tests/">
    <Project Path="Tests/TimeWarp.QuickBooks.Tests/TimeWarp.QuickBooks.Tests.csproj" />
  </Folder>
</Solution>
